
Microsoft Visual Studio Solution File, Format Version 12.00
# Visual Studio Version 17
VisualStudioVersion = 17.1.32328.378
MinimumVisualStudioVersion = 10.0.40219.1
Project("{FAE04EC0-301F-11D3-BF4B-00C04F79EFBC}") = "VariablesExercise", "VariablesExercise\VariablesExercise.csproj", "{7FA5721C-647A-46C9-8F7C-2FAA441258D2}"
EndProject
Global
	GlobalSection(SolutionConfigurationPlatforms) = preSolution
		Debug|Any CPU = Debug|Any CPU
		Release|Any CPU = Release|Any CPU
	EndGlobalSection
	GlobalSection(ProjectConfigurationPlatforms) = postSolution
		{7FA5721C-647A-46C9-8F7C-2FAA441258D2}.Debug|Any CPU.ActiveCfg = Debug|Any CPU
		{7FA5721C-647A-46C9-8F7C-2FAA441258D2}.Debug|Any CPU.Build.0 = Debug|Any CPU
		{7FA5721C-647A-46C9-8F7C-2FAA441258D2}.Release|Any CPU.ActiveCfg = Release|Any CPU
		{7FA5721C-647A-46C9-8F7C-2FAA441258D2}.Release|Any CPU.Build.0 = Release|Any CPU
	EndGlobalSection
	GlobalSection(SolutionProperties) = preSolution
		HideSolutionNode = FALSE
	EndGlobalSection
	GlobalSection(ExtensibilityGlobals) = postSolution
		SolutionGuid = {3CA4100C-87D4-4ACE-94C8-D23CFD4A7F3C}
	EndGlobalSection
EndGlobal
